{
  "name": "touristart",
  "version": "0.0.1",
  "lockfileVersion": 1,
  "requires": true,
  "dependencies": {
    "@types/node": {
      "version": "13.13.9",
      "resolved": "https://registry.npmjs.org/@types/node/-/node-13.13.9.tgz",
      "integrity": "sha512-EPZBIGed5gNnfWCiwEIwTE2Jdg4813odnG8iNPMQGrqVxrI+wL68SPtPeCX+ZxGBaA6pKAVc6jaKgP/Q0QzfdQ=="
    },
    "typescript": {
      "version": "3.9.3",
      "resolved": "https://registry.npmjs.org/typescript/-/typescript-3.9.3.tgz",
      "integrity": "sha512-D/wqnB2xzNFIcoBG9FG8cXRDjiqSTbG2wd8DMZeQyJlP1vfTkIxH4GKveWaEBYySKIg+USu+E+EDIR47SqnaMQ=="
    }
  }
}
